
Microsoft Visual Studio Solution File, Format Version 12.00
# Visual Studio 15
Project("{FAE04EC0-301F-11D3-BF4B-00C04F79EFBC}") = "XF_KakeiboApp.Android", "XF_KakeiboApp.Android\XF_KakeiboApp.Android.csproj", "{173A6C37-8E60-4025-A6A1-89AD7D9D3848}"
EndProject
Project("{FAE04EC0-301F-11D3-BF4B-00C04F79EFBC}") = "XF_KakeiboApp.iOS", "XF_KakeiboApp.iOS\XF_KakeiboApp.iOS.csproj", "{8616FE78-EC22-498E-9684-488E70B663FD}"
EndProject
Project("{FAE04EC0-301F-11D3-BF4B-00C04F79EFBC}") = "XF_KakeiboApp.UITests", "XF_KakeiboApp.UITests\XF_KakeiboApp.UITests.csproj", "{B19C892E-2628-4CA7-AD27-08D406A3B14B}"
EndProject
Project("{FAE04EC0-301F-11D3-BF4B-00C04F79EFBC}") = "XF_KakeiboApp", "XF_KakeiboApp\XF_KakeiboApp.csproj", "{2808D83C-2E13-4D3A-B62A-2E2814D47297}"
EndProject
Global
	GlobalSection(SolutionConfigurationPlatforms) = preSolution
		Debug|Any CPU = Debug|Any CPU
		Release|Any CPU = Release|Any CPU
		Debug|iPhoneSimulator = Debug|iPhoneSimulator
		Release|iPhoneSimulator = Release|iPhoneSimulator
		Debug|iPhone = Debug|iPhone
		Release|iPhone = Release|iPhone
		Ad-Hoc|iPhone = Ad-Hoc|iPhone
		AppStore|iPhone = AppStore|iPhone
	EndGlobalSection
	GlobalSection(ProjectConfigurationPlatforms) = postSolution
		{173A6C37-8E60-4025-A6A1-89AD7D9D3848}.Debug|Any CPU.ActiveCfg = Debug|Any CPU
		{173A6C37-8E60-4025-A6A1-89AD7D9D3848}.Debug|Any CPU.Build.0 = Debug|Any CPU
		{173A6C37-8E60-4025-A6A1-89AD7D9D3848}.Release|Any CPU.ActiveCfg = Release|Any CPU
		{173A6C37-8E60-4025-A6A1-89AD7D9D3848}.Release|Any CPU.Build.0 = Release|Any CPU
		{173A6C37-8E60-4025-A6A1-89AD7D9D3848}.Debug|iPhoneSimulator.ActiveCfg = Debug|Any CPU
		{173A6C37-8E60-4025-A6A1-89AD7D9D3848}.Debug|iPhoneSimulator.Build.0 = Debug|Any CPU
		{173A6C37-8E60-4025-A6A1-89AD7D9D3848}.Release|iPhoneSimulator.ActiveCfg = Release|Any CPU
		{173A6C37-8E60-4025-A6A1-89AD7D9D3848}.Release|iPhoneSimulator.Build.0 = Release|Any CPU
		{173A6C37-8E60-4025-A6A1-89AD7D9D3848}.Debug|iPhone.ActiveCfg = Debug|Any CPU
		{173A6C37-8E60-4025-A6A1-89AD7D9D3848}.Debug|iPhone.Build.0 = Debug|Any CPU
		{173A6C37-8E60-4025-A6A1-89AD7D9D3848}.Release|iPhone.ActiveCfg = Release|Any CPU
		{173A6C37-8E60-4025-A6A1-89AD7D9D3848}.Release|iPhone.Build.0 = Release|Any CPU
		{173A6C37-8E60-4025-A6A1-89AD7D9D3848}.Ad-Hoc|iPhone.ActiveCfg = Debug|Any CPU
		{173A6C37-8E60-4025-A6A1-89AD7D9D3848}.Ad-Hoc|iPhone.Build.0 = Debug|Any CPU
		{173A6C37-8E60-4025-A6A1-89AD7D9D3848}.AppStore|iPhone.ActiveCfg = Debug|Any CPU
		{173A6C37-8E60-4025-A6A1-89AD7D9D3848}.AppStore|iPhone.Build.0 = Debug|Any CPU
		{8616FE78-EC22-498E-9684-488E70B663FD}.Debug|Any CPU.ActiveCfg = Debug|iPhoneSimulator
		{8616FE78-EC22-498E-9684-488E70B663FD}.Debug|Any CPU.Build.0 = Debug|iPhoneSimulator
		{8616FE78-EC22-498E-9684-488E70B663FD}.Release|Any CPU.ActiveCfg = Release|iPhoneSimulator
		{8616FE78-EC22-498E-9684-488E70B663FD}.Release|Any CPU.Build.0 = Release|iPhoneSimulator
		{8616FE78-EC22-498E-9684-488E70B663FD}.Debug|iPhoneSimulator.ActiveCfg = Debug|iPhoneSimulator
		{8616FE78-EC22-498E-9684-488E70B663FD}.Debug|iPhoneSimulator.Build.0 = Debug|iPhoneSimulator
		{8616FE78-EC22-498E-9684-488E70B663FD}.Release|iPhoneSimulator.ActiveCfg = Release|iPhoneSimulator
		{8616FE78-EC22-498E-9684-488E70B663FD}.Release|iPhoneSimulator.Build.0 = Release|iPhoneSimulator
		{8616FE78-EC22-498E-9684-488E70B663FD}.Debug|iPhone.ActiveCfg = Debug|iPhone
		{8616FE78-EC22-498E-9684-488E70B663FD}.Debug|iPhone.Build.0 = Debug|iPhone
		{8616FE78-EC22-498E-9684-488E70B663FD}.Release|iPhone.ActiveCfg = Release|iPhone
		{8616FE78-EC22-498E-9684-488E70B663FD}.Release|iPhone.Build.0 = Release|iPhone
		{8616FE78-EC22-498E-9684-488E70B663FD}.Ad-Hoc|iPhone.ActiveCfg = Ad-Hoc|iPhone
		{8616FE78-EC22-498E-9684-488E70B663FD}.Ad-Hoc|iPhone.Build.0 = Ad-Hoc|iPhone
		{8616FE78-EC22-498E-9684-488E70B663FD}.AppStore|iPhone.ActiveCfg = AppStore|iPhone
		{8616FE78-EC22-498E-9684-488E70B663FD}.AppStore|iPhone.Build.0 = AppStore|iPhone
		{B19C892E-2628-4CA7-AD27-08D406A3B14B}.Debug|Any CPU.ActiveCfg = Debug|Any CPU
		{B19C892E-2628-4CA7-AD27-08D406A3B14B}.Debug|Any CPU.Build.0 = Debug|Any CPU
		{B19C892E-2628-4CA7-AD27-08D406A3B14B}.Release|Any CPU.ActiveCfg = Release|Any CPU
		{B19C892E-2628-4CA7-AD27-08D406A3B14B}.Release|Any CPU.Build.0 = Release|Any CPU
		{B19C892E-2628-4CA7-AD27-08D406A3B14B}.Debug|iPhoneSimulator.ActiveCfg = Debug|Any CPU
		{B19C892E-2628-4CA7-AD27-08D406A3B14B}.Debug|iPhoneSimulator.Build.0 = Debug|Any CPU
		{B19C892E-2628-4CA7-AD27-08D406A3B14B}.Release|iPhoneSimulator.ActiveCfg = Release|Any CPU
		{B19C892E-2628-4CA7-AD27-08D406A3B14B}.Release|iPhoneSimulator.Build.0 = Release|Any CPU
		{B19C892E-2628-4CA7-AD27-08D406A3B14B}.Debug|iPhone.ActiveCfg = Debug|Any CPU
		{B19C892E-2628-4CA7-AD27-08D406A3B14B}.Debug|iPhone.Build.0 = Debug|Any CPU
		{B19C892E-2628-4CA7-AD27-08D406A3B14B}.Release|iPhone.ActiveCfg = Release|Any CPU
		{B19C892E-2628-4CA7-AD27-08D406A3B14B}.Release|iPhone.Build.0 = Release|Any CPU
		{B19C892E-2628-4CA7-AD27-08D406A3B14B}.Ad-Hoc|iPhone.ActiveCfg = Debug|Any CPU
		{B19C892E-2628-4CA7-AD27-08D406A3B14B}.Ad-Hoc|iPhone.Build.0 = Debug|Any CPU
		{B19C892E-2628-4CA7-AD27-08D406A3B14B}.AppStore|iPhone.ActiveCfg = Debug|Any CPU
		{B19C892E-2628-4CA7-AD27-08D406A3B14B}.AppStore|iPhone.Build.0 = Debug|Any CPU
		{2808D83C-2E13-4D3A-B62A-2E2814D47297}.Debug|Any CPU.ActiveCfg = Debug|Any CPU
		{2808D83C-2E13-4D3A-B62A-2E2814D47297}.Debug|Any CPU.Build.0 = Debug|Any CPU
		{2808D83C-2E13-4D3A-B62A-2E2814D47297}.Release|Any CPU.ActiveCfg = Release|Any CPU
		{2808D83C-2E13-4D3A-B62A-2E2814D47297}.Release|Any CPU.Build.0 = Release|Any CPU
		{2808D83C-2E13-4D3A-B62A-2E2814D47297}.Debug|iPhoneSimulator.ActiveCfg = Debug|Any CPU
		{2808D83C-2E13-4D3A-B62A-2E2814D47297}.Debug|iPhoneSimulator.Build.0 = Debug|Any CPU
		{2808D83C-2E13-4D3A-B62A-2E2814D47297}.Release|iPhoneSimulator.ActiveCfg = Release|Any CPU
		{2808D83C-2E13-4D3A-B62A-2E2814D47297}.Release|iPhoneSimulator.Build.0 = Release|Any CPU
		{2808D83C-2E13-4D3A-B62A-2E2814D47297}.Debug|iPhone.ActiveCfg = Debug|Any CPU
		{2808D83C-2E13-4D3A-B62A-2E2814D47297}.Debug|iPhone.Build.0 = Debug|Any CPU
		{2808D83C-2E13-4D3A-B62A-2E2814D47297}.Release|iPhone.ActiveCfg = Release|Any CPU
		{2808D83C-2E13-4D3A-B62A-2E2814D47297}.Release|iPhone.Build.0 = Release|Any CPU
		{2808D83C-2E13-4D3A-B62A-2E2814D47297}.Ad-Hoc|iPhone.ActiveCfg = Debug|Any CPU
		{2808D83C-2E13-4D3A-B62A-2E2814D47297}.Ad-Hoc|iPhone.Build.0 = Debug|Any CPU
		{2808D83C-2E13-4D3A-B62A-2E2814D47297}.AppStore|iPhone.ActiveCfg = Debug|Any CPU
		{2808D83C-2E13-4D3A-B62A-2E2814D47297}.AppStore|iPhone.Build.0 = Debug|Any CPU
	EndGlobalSection
EndGlobal
